
Microsoft Visual Studio Solution File, Format Version 12.00
# Visual Studio Version 17
VisualStudioVersion = 17.0.32014.148
MinimumVisualStudioVersion = 10.0.40219.1
Project("{9A19103F-16F7-4668-BE54-9A1E7A4F7556}") = "CompanyEmployees", "CompanyEmployees.csproj", "{0829D060-9211-4E0E-8C81-FCE65073E6DA}"
	ProjectSection(ProjectDependencies) = postProject
		{9102ABE1-F4D1-45BB-8EDB-EF9A8937D58C} = {9102ABE1-F4D1-45BB-8EDB-EF9A8937D58C}
	EndProjectSection
EndProject
Project("{9A19103F-16F7-4668-BE54-9A1E7A4F7556}") = "MiddlewareExample", "..\MiddlewareExample\MiddlewareExample.csproj", "{55FF0D6E-42B4-4DB5-9BD0-4372991462A1}"
EndProject
Project("{9A19103F-16F7-4668-BE54-9A1E7A4F7556}") = "Contracts", "..\Contracts\Contracts.csproj", "{95CEC9D4-45C7-4F0B-900A-7C9942F6B477}"
EndProject
Project("{9A19103F-16F7-4668-BE54-9A1E7A4F7556}") = "LoggerService", "..\LoggerService\LoggerService.csproj", "{7DC80604-637E-4F31-B9B2-0E4BE741D2A4}"
EndProject
Project("{9A19103F-16F7-4668-BE54-9A1E7A4F7556}") = "Entities", "..\Entities\Entities.csproj", "{A1DAD601-AD74-4214-913A-D0C7E44550CA}"
EndProject
Project("{9A19103F-16F7-4668-BE54-9A1E7A4F7556}") = "Repository", "..\Repository\Repository.csproj", "{9102ABE1-F4D1-45BB-8EDB-EF9A8937D58C}"
	ProjectSection(ProjectDependencies) = postProject
		{A1DAD601-AD74-4214-913A-D0C7E44550CA} = {A1DAD601-AD74-4214-913A-D0C7E44550CA}
	EndProjectSection
EndProject
Project("{9A19103F-16F7-4668-BE54-9A1E7A4F7556}") = "Service.Contracts", "..\Service.Contracts\Service.Contracts.csproj", "{8AC438E0-DE9C-45BF-86DD-7F7B9BAAB499}"
	ProjectSection(ProjectDependencies) = postProject
		{A1DAD601-AD74-4214-913A-D0C7E44550CA} = {A1DAD601-AD74-4214-913A-D0C7E44550CA}
	EndProjectSection
EndProject
Project("{9A19103F-16F7-4668-BE54-9A1E7A4F7556}") = "Service", "..\Service\Service.csproj", "{30CFB963-A401-490F-A570-745636B27EA2}"
EndProject
Project("{9A19103F-16F7-4668-BE54-9A1E7A4F7556}") = "CompanyEmployees.Presentation", "..\CompanyEmployees.Presentation\CompanyEmployees.Presentation.csproj", "{B537581A-BB3A-4984-B505-2FC90AD64615}"
EndProject
Project("{9A19103F-16F7-4668-BE54-9A1E7A4F7556}") = "Shared", "..\Shared\Shared.csproj", "{CD799C0B-002F-411B-B5E3-563941C732B0}"
EndProject
Global
	GlobalSection(SolutionConfigurationPlatforms) = preSolution
		Debug|Any CPU = Debug|Any CPU
		Release|Any CPU = Release|Any CPU
	EndGlobalSection
	GlobalSection(ProjectConfigurationPlatforms) = postSolution
		{0829D060-9211-4E0E-8C81-FCE65073E6DA}.Debug|Any CPU.ActiveCfg = Debug|Any CPU
		{0829D060-9211-4E0E-8C81-FCE65073E6DA}.Debug|Any CPU.Build.0 = Debug|Any CPU
		{0829D060-9211-4E0E-8C81-FCE65073E6DA}.Release|Any CPU.ActiveCfg = Release|Any CPU
		{0829D060-9211-4E0E-8C81-FCE65073E6DA}.Release|Any CPU.Build.0 = Release|Any CPU
		{55FF0D6E-42B4-4DB5-9BD0-4372991462A1}.Debug|Any CPU.ActiveCfg = Debug|Any CPU
		{55FF0D6E-42B4-4DB5-9BD0-4372991462A1}.Debug|Any CPU.Build.0 = Debug|Any CPU
		{55FF0D6E-42B4-4DB5-9BD0-4372991462A1}.Release|Any CPU.ActiveCfg = Release|Any CPU
		{55FF0D6E-42B4-4DB5-9BD0-4372991462A1}.Release|Any CPU.Build.0 = Release|Any CPU
		{95CEC9D4-45C7-4F0B-900A-7C9942F6B477}.Debug|Any CPU.ActiveCfg = Debug|Any CPU
		{95CEC9D4-45C7-4F0B-900A-7C9942F6B477}.Debug|Any CPU.Build.0 = Debug|Any CPU
		{95CEC9D4-45C7-4F0B-900A-7C9942F6B477}.Release|Any CPU.ActiveCfg = Release|Any CPU
		{95CEC9D4-45C7-4F0B-900A-7C9942F6B477}.Release|Any CPU.Build.0 = Release|Any CPU
		{7DC80604-637E-4F31-B9B2-0E4BE741D2A4}.Debug|Any CPU.ActiveCfg = Debug|Any CPU
		{7DC80604-637E-4F31-B9B2-0E4BE741D2A4}.Debug|Any CPU.Build.0 = Debug|Any CPU
		{7DC80604-637E-4F31-B9B2-0E4BE741D2A4}.Release|Any CPU.ActiveCfg = Release|Any CPU
		{7DC80604-637E-4F31-B9B2-0E4BE741D2A4}.Release|Any CPU.Build.0 = Release|Any CPU
		{A1DAD601-AD74-4214-913A-D0C7E44550CA}.Debug|Any CPU.ActiveCfg = Debug|Any CPU
		{A1DAD601-AD74-4214-913A-D0C7E44550CA}.Debug|Any CPU.Build.0 = Debug|Any CPU
		{A1DAD601-AD74-4214-913A-D0C7E44550CA}.Release|Any CPU.ActiveCfg = Release|Any CPU
		{A1DAD601-AD74-4214-913A-D0C7E44550CA}.Release|Any CPU.Build.0 = Release|Any CPU
		{9102ABE1-F4D1-45BB-8EDB-EF9A8937D58C}.Debug|Any CPU.ActiveCfg = Debug|Any CPU
		{9102ABE1-F4D1-45BB-8EDB-EF9A8937D58C}.Debug|Any CPU.Build.0 = Debug|Any CPU
		{9102ABE1-F4D1-45BB-8EDB-EF9A8937D58C}.Release|Any CPU.ActiveCfg = Release|Any CPU
		{9102ABE1-F4D1-45BB-8EDB-EF9A8937D58C}.Release|Any CPU.Build.0 = Release|Any CPU
		{8AC438E0-DE9C-45BF-86DD-7F7B9BAAB499}.Debug|Any CPU.ActiveCfg = Debug|Any CPU
		{8AC438E0-DE9C-45BF-86DD-7F7B9BAAB499}.Debug|Any CPU.Build.0 = Debug|Any CPU
		{8AC438E0-DE9C-45BF-86DD-7F7B9BAAB499}.Release|Any CPU.ActiveCfg = Release|Any CPU
		{8AC438E0-DE9C-45BF-86DD-7F7B9BAAB499}.Release|Any CPU.Build.0 = Release|Any CPU
		{30CFB963-A401-490F-A570-745636B27EA2}.Debug|Any CPU.ActiveCfg = Debug|Any CPU
		{30CFB963-A401-490F-A570-745636B27EA2}.Debug|Any CPU.Build.0 = Debug|Any CPU
		{30CFB963-A401-490F-A570-745636B27EA2}.Release|Any CPU.ActiveCfg = Release|Any CPU
		{30CFB963-A401-490F-A570-745636B27EA2}.Release|Any CPU.Build.0 = Release|Any CPU
		{B537581A-BB3A-4984-B505-2FC90AD64615}.Debug|Any CPU.ActiveCfg = Debug|Any CPU
		{B537581A-BB3A-4984-B505-2FC90AD64615}.Debug|Any CPU.Build.0 = Debug|Any CPU
		{B537581A-BB3A-4984-B505-2FC90AD64615}.Release|Any CPU.ActiveCfg = Release|Any CPU
		{B537581A-BB3A-4984-B505-2FC90AD64615}.Release|Any CPU.Build.0 = Release|Any CPU
		{CD799C0B-002F-411B-B5E3-563941C732B0}.Debug|Any CPU.ActiveCfg = Debug|Any CPU
		{CD799C0B-002F-411B-B5E3-563941C732B0}.Debug|Any CPU.Build.0 = Debug|Any CPU
		{CD799C0B-002F-411B-B5E3-563941C732B0}.Release|Any CPU.ActiveCfg = Release|Any CPU
		{CD799C0B-002F-411B-B5E3-563941C732B0}.Release|Any CPU.Build.0 = Release|Any CPU
	EndGlobalSection
	GlobalSection(SolutionProperties) = preSolution
		HideSolutionNode = FALSE
	EndGlobalSection
	GlobalSection(ExtensibilityGlobals) = postSolution
		SolutionGuid = {B59C3CCA-11EE-463E-8D4D-CB2E4AAF35FE}
	EndGlobalSection
EndGlobal
